
Microsoft Visual Studio Solution File, Format Version 12.00
# Visual Studio Version 17
VisualStudioVersion = 17.3.32901.215
MinimumVisualStudioVersion = 10.0.40219.1
Project("{FAE04EC0-301F-11D3-BF4B-00C04F79EFBC}") = "sarki_liste", "sarki_liste\sarki_liste.csproj", "{FE5CC1D3-49F4-4A23-9ACC-5E86ACEE6F09}"
EndProject
Global
	GlobalSection(SolutionConfigurationPlatforms) = preSolution
		Debug|Any CPU = Debug|Any CPU
		Release|Any CPU = Release|Any CPU
	EndGlobalSection
	GlobalSection(ProjectConfigurationPlatforms) = postSolution
		{FE5CC1D3-49F4-4A23-9ACC-5E86ACEE6F09}.Debug|Any CPU.ActiveCfg = Debug|Any CPU
		{FE5CC1D3-49F4-4A23-9ACC-5E86ACEE6F09}.Debug|Any CPU.Build.0 = Debug|Any CPU
		{FE5CC1D3-49F4-4A23-9ACC-5E86ACEE6F09}.Release|Any CPU.ActiveCfg = Release|Any CPU
		{FE5CC1D3-49F4-4A23-9ACC-5E86ACEE6F09}.Release|Any CPU.Build.0 = Release|Any CPU
	EndGlobalSection
	GlobalSection(SolutionProperties) = preSolution
		HideSolutionNode = FALSE
	EndGlobalSection
	GlobalSection(ExtensibilityGlobals) = postSolution
		SolutionGuid = {85777E61-F6EB-469C-836A-AB080FF27DC1}
	EndGlobalSection
EndGlobal
